
Microsoft Visual Studio Solution File, Format Version 12.00
# Visual Studio Version 17
VisualStudioVersion = 17.14.36908.2
MinimumVisualStudioVersion = 10.0.40219.1
Project("{FAE04EC0-301F-11D3-BF4B-00C04F79EFBC}") = "EmbeddedNetworkLab", "EmbeddedNetworkLab\EmbeddedNetworkLab.csproj", "{69440BFC-4D1D-45C2-9BCF-0E30B739F8D8}"
EndProject
Project("{FAE04EC0-301F-11D3-BF4B-00C04F79EFBC}") = "ConsoleApp1", "..\ConsoleApp1\ConsoleApp1.csproj", "{FF673C7B-140F-4E77-BEDD-CEA775170D0C}"
EndProject
Global
	GlobalSection(SolutionConfigurationPlatforms) = preSolution
		Debug|Any CPU = Debug|Any CPU
		Debug|x64 = Debug|x64
		Debug|x86 = Debug|x86
		Release|Any CPU = Release|Any CPU
		Release|x64 = Release|x64
		Release|x86 = Release|x86
	EndGlobalSection
	GlobalSection(ProjectConfigurationPlatforms) = postSolution
		{69440BFC-4D1D-45C2-9BCF-0E30B739F8D8}.Debug|Any CPU.ActiveCfg = Debug|Any CPU
		{69440BFC-4D1D-45C2-9BCF-0E30B739F8D8}.Debug|Any CPU.Build.0 = Debug|Any CPU
		{69440BFC-4D1D-45C2-9BCF-0E30B739F8D8}.Debug|x64.ActiveCfg = Debug|Any CPU
		{69440BFC-4D1D-45C2-9BCF-0E30B739F8D8}.Debug|x64.Build.0 = Debug|Any CPU
		{69440BFC-4D1D-45C2-9BCF-0E30B739F8D8}.Debug|x86.ActiveCfg = Debug|Any CPU
		{69440BFC-4D1D-45C2-9BCF-0E30B739F8D8}.Debug|x86.Build.0 = Debug|Any CPU
		{69440BFC-4D1D-45C2-9BCF-0E30B739F8D8}.Release|Any CPU.ActiveCfg = Release|Any CPU
		{69440BFC-4D1D-45C2-9BCF-0E30B739F8D8}.Release|Any CPU.Build.0 = Release|Any CPU
		{69440BFC-4D1D-45C2-9BCF-0E30B739F8D8}.Release|x64.ActiveCfg = Release|Any CPU
		{69440BFC-4D1D-45C2-9BCF-0E30B739F8D8}.Release|x64.Build.0 = Release|Any CPU
		{69440BFC-4D1D-45C2-9BCF-0E30B739F8D8}.Release|x86.ActiveCfg = Release|Any CPU
		{69440BFC-4D1D-45C2-9BCF-0E30B739F8D8}.Release|x86.Build.0 = Release|Any CPU
		{FF673C7B-140F-4E77-BEDD-CEA775170D0C}.Debug|Any CPU.ActiveCfg = Debug|Any CPU
		{FF673C7B-140F-4E77-BEDD-CEA775170D0C}.Debug|Any CPU.Build.0 = Debug|Any CPU
		{FF673C7B-140F-4E77-BEDD-CEA775170D0C}.Debug|x64.ActiveCfg = Debug|Any CPU
		{FF673C7B-140F-4E77-BEDD-CEA775170D0C}.Debug|x64.Build.0 = Debug|Any CPU
		{FF673C7B-140F-4E77-BEDD-CEA775170D0C}.Debug|x86.ActiveCfg = Debug|Any CPU
		{FF673C7B-140F-4E77-BEDD-CEA775170D0C}.Debug|x86.Build.0 = Debug|Any CPU
		{FF673C7B-140F-4E77-BEDD-CEA775170D0C}.Release|Any CPU.ActiveCfg = Release|Any CPU
		{FF673C7B-140F-4E77-BEDD-CEA775170D0C}.Release|Any CPU.Build.0 = Release|Any CPU
		{FF673C7B-140F-4E77-BEDD-CEA775170D0C}.Release|x64.ActiveCfg = Release|Any CPU
		{FF673C7B-140F-4E77-BEDD-CEA775170D0C}.Release|x64.Build.0 = Release|Any CPU
		{FF673C7B-140F-4E77-BEDD-CEA775170D0C}.Release|x86.ActiveCfg = Release|Any CPU
		{FF673C7B-140F-4E77-BEDD-CEA775170D0C}.Release|x86.Build.0 = Release|Any CPU
	EndGlobalSection
	GlobalSection(SolutionProperties) = preSolution
		HideSolutionNode = FALSE
	EndGlobalSection
	GlobalSection(ExtensibilityGlobals) = postSolution
		SolutionGuid = {B423D6D7-E80A-4292-ABA4-4938A044EB78}
	EndGlobalSection
EndGlobal
